
Microsoft Visual Studio Solution File, Format Version 12.00
Project("{FAE04EC0-301F-11D3-BF4B-00C04F79EFBC}") = "BitDeck", "BitDeck.csproj", "{123CBA69-BF16-45AD-A972-166EC422D58F}"
EndProject
Project("{FAE04EC0-301F-11D3-BF4B-00C04F79EFBC}") = "AudioTest", "Experiments\AudioTest\AudioTest.csproj", "{92305A4D-017C-4B78-AA1B-F943A5C5B779}"
EndProject
Project("{FAE04EC0-301F-11D3-BF4B-00C04F79EFBC}") = "AudioVisualizerTest", "Experiments\AudioVisualizerTest\AudioVisualizerTest.csproj", "{B8A7C999-0530-4831-B661-E694BEF2DBCE}"
EndProject
Project("{FAE04EC0-301F-11D3-BF4B-00C04F79EFBC}") = "XPlatformAudioTest", "Experiments\XPlatformAudioTest\XPlatformAudioTest.csproj", "{63996D39-549E-431B-80A5-DDD44C0B5691}"
EndProject
Global
	GlobalSection(SolutionConfigurationPlatforms) = preSolution
		Debug|Any CPU = Debug|Any CPU
		Release|Any CPU = Release|Any CPU
	EndGlobalSection
	GlobalSection(ProjectConfigurationPlatforms) = postSolution
		{123CBA69-BF16-45AD-A972-166EC422D58F}.Debug|Any CPU.ActiveCfg = Debug|Any CPU
		{123CBA69-BF16-45AD-A972-166EC422D58F}.Debug|Any CPU.Build.0 = Debug|Any CPU
		{123CBA69-BF16-45AD-A972-166EC422D58F}.Release|Any CPU.ActiveCfg = Release|Any CPU
		{123CBA69-BF16-45AD-A972-166EC422D58F}.Release|Any CPU.Build.0 = Release|Any CPU
		{92305A4D-017C-4B78-AA1B-F943A5C5B779}.Debug|Any CPU.ActiveCfg = Debug|Any CPU
		{92305A4D-017C-4B78-AA1B-F943A5C5B779}.Debug|Any CPU.Build.0 = Debug|Any CPU
		{92305A4D-017C-4B78-AA1B-F943A5C5B779}.Release|Any CPU.ActiveCfg = Release|Any CPU
		{92305A4D-017C-4B78-AA1B-F943A5C5B779}.Release|Any CPU.Build.0 = Release|Any CPU
		{B8A7C999-0530-4831-B661-E694BEF2DBCE}.Debug|Any CPU.ActiveCfg = Debug|Any CPU
		{B8A7C999-0530-4831-B661-E694BEF2DBCE}.Debug|Any CPU.Build.0 = Debug|Any CPU
		{B8A7C999-0530-4831-B661-E694BEF2DBCE}.Release|Any CPU.ActiveCfg = Release|Any CPU
		{B8A7C999-0530-4831-B661-E694BEF2DBCE}.Release|Any CPU.Build.0 = Release|Any CPU
		{63996D39-549E-431B-80A5-DDD44C0B5691}.Debug|Any CPU.ActiveCfg = Debug|Any CPU
		{63996D39-549E-431B-80A5-DDD44C0B5691}.Debug|Any CPU.Build.0 = Debug|Any CPU
		{63996D39-549E-431B-80A5-DDD44C0B5691}.Release|Any CPU.ActiveCfg = Release|Any CPU
		{63996D39-549E-431B-80A5-DDD44C0B5691}.Release|Any CPU.Build.0 = Release|Any CPU
	EndGlobalSection
EndGlobal
