
Microsoft Visual Studio Solution File, Format Version 12.00
Project("{FAE04EC0-301F-11D3-BF4B-00C04F79EFBC}") = "BitDeck", "BitDeck\BitDeck.csproj", "{9EE84D2D-F885-453E-B5A1-7DB979CAE728}"
EndProject
Project("{FAE04EC0-301F-11D3-BF4B-00C04F79EFBC}") = "BitDeck.Tests", "Tests\BitDeck.Tests\BitDeck.Tests.csproj", "{E327975A-E25C-40A1-BD1B-5E6818F66B1A}"
EndProject
Global
	GlobalSection(SolutionConfigurationPlatforms) = preSolution
		Debug|Any CPU = Debug|Any CPU
		Release|Any CPU = Release|Any CPU
	EndGlobalSection
	GlobalSection(ProjectConfigurationPlatforms) = postSolution
		{9EE84D2D-F885-453E-B5A1-7DB979CAE728}.Debug|Any CPU.ActiveCfg = Debug|Any CPU
		{9EE84D2D-F885-453E-B5A1-7DB979CAE728}.Debug|Any CPU.Build.0 = Debug|Any CPU
		{9EE84D2D-F885-453E-B5A1-7DB979CAE728}.Release|Any CPU.ActiveCfg = Release|Any CPU
		{9EE84D2D-F885-453E-B5A1-7DB979CAE728}.Release|Any CPU.Build.0 = Release|Any CPU
		{E327975A-E25C-40A1-BD1B-5E6818F66B1A}.Debug|Any CPU.ActiveCfg = Debug|Any CPU
		{E327975A-E25C-40A1-BD1B-5E6818F66B1A}.Debug|Any CPU.Build.0 = Debug|Any CPU
		{E327975A-E25C-40A1-BD1B-5E6818F66B1A}.Release|Any CPU.ActiveCfg = Release|Any CPU
		{E327975A-E25C-40A1-BD1B-5E6818F66B1A}.Release|Any CPU.Build.0 = Release|Any CPU
	EndGlobalSection
EndGlobal
